
Microsoft Visual Studio Solution File, Format Version 12.00
# Visual Studio Version 16
VisualStudioVersion = 16.0.30320.27
MinimumVisualStudioVersion = 10.0.40219.1
Project("{888888A0-9F3D-457C-B088-3A5042F75D52}") = "optimization", "optimization.pyproj", "{230C1F03-DCB4-4D25-883B-EF96139BC462}"
EndProject
Global
	GlobalSection(SolutionConfigurationPlatforms) = preSolution
		Debug|Any CPU = Debug|Any CPU
		Release|Any CPU = Release|Any CPU
	EndGlobalSection
	GlobalSection(ProjectConfigurationPlatforms) = postSolution
		{230C1F03-DCB4-4D25-883B-EF96139BC462}.Debug|Any CPU.ActiveCfg = Debug|Any CPU
		{230C1F03-DCB4-4D25-883B-EF96139BC462}.Release|Any CPU.ActiveCfg = Release|Any CPU
	EndGlobalSection
	GlobalSection(SolutionProperties) = preSolution
		HideSolutionNode = FALSE
	EndGlobalSection
	GlobalSection(ExtensibilityGlobals) = postSolution
		SolutionGuid = {2AF8DA7B-D4AA-432C-A8ED-2FE4C784CEC4}
	EndGlobalSection
EndGlobal
